
Microsoft Visual Studio Solution File, Format Version 12.00
# Visual Studio Version 17
VisualStudioVersion = 17.3.32819.101
MinimumVisualStudioVersion = 10.0.40219.1
Project("{FAE04EC0-301F-11D3-BF4B-00C04F79EFBC}") = "OfferZoneWebApi", "OfferZoneWebApi.csproj", "{4ABD7CF5-D8C7-47D8-864D-9E5CA1F40D67}"
EndProject
Project("{FAE04EC0-301F-11D3-BF4B-00C04F79EFBC}") = "DAL", "..\DAL\DAL.csproj", "{B45C7361-EB0D-4C24-B5E0-BB9714B36401}"
EndProject
Global
	GlobalSection(SolutionConfigurationPlatforms) = preSolution
		Debug|Any CPU = Debug|Any CPU
		Release|Any CPU = Release|Any CPU
	EndGlobalSection
	GlobalSection(ProjectConfigurationPlatforms) = postSolution
		{4ABD7CF5-D8C7-47D8-864D-9E5CA1F40D67}.Debug|Any CPU.ActiveCfg = Debug|Any CPU
		{4ABD7CF5-D8C7-47D8-864D-9E5CA1F40D67}.Debug|Any CPU.Build.0 = Debug|Any CPU
		{4ABD7CF5-D8C7-47D8-864D-9E5CA1F40D67}.Release|Any CPU.ActiveCfg = Release|Any CPU
		{4ABD7CF5-D8C7-47D8-864D-9E5CA1F40D67}.Release|Any CPU.Build.0 = Release|Any CPU
		{B45C7361-EB0D-4C24-B5E0-BB9714B36401}.Debug|Any CPU.ActiveCfg = Debug|Any CPU
		{B45C7361-EB0D-4C24-B5E0-BB9714B36401}.Debug|Any CPU.Build.0 = Debug|Any CPU
		{B45C7361-EB0D-4C24-B5E0-BB9714B36401}.Release|Any CPU.ActiveCfg = Release|Any CPU
		{B45C7361-EB0D-4C24-B5E0-BB9714B36401}.Release|Any CPU.Build.0 = Release|Any CPU
	EndGlobalSection
	GlobalSection(SolutionProperties) = preSolution
		HideSolutionNode = FALSE
	EndGlobalSection
	GlobalSection(ExtensibilityGlobals) = postSolution
		SolutionGuid = {A1039163-D90A-4994-9158-E2AAB8577DD4}
	EndGlobalSection
EndGlobal
